
Microsoft Visual Studio Solution File, Format Version 12.00
# Visual Studio Version 17
VisualStudioVersion = 17.4.33205.214
MinimumVisualStudioVersion = 10.0.40219.1
Project("{FAE04EC0-301F-11D3-BF4B-00C04F79EFBC}") = "CoreTeacher", "CoreTeacher.csproj", "{886647B6-C387-4A82-9547-3BB741F8415A}"
EndProject
Global
	GlobalSection(SolutionConfigurationPlatforms) = preSolution
		Debug|Any CPU = Debug|Any CPU
		Release|Any CPU = Release|Any CPU
	EndGlobalSection
	GlobalSection(ProjectConfigurationPlatforms) = postSolution
		{886647B6-C387-4A82-9547-3BB741F8415A}.Debug|Any CPU.ActiveCfg = Debug|Any CPU
		{886647B6-C387-4A82-9547-3BB741F8415A}.Debug|Any CPU.Build.0 = Debug|Any CPU
		{886647B6-C387-4A82-9547-3BB741F8415A}.Release|Any CPU.ActiveCfg = Release|Any CPU
		{886647B6-C387-4A82-9547-3BB741F8415A}.Release|Any CPU.Build.0 = Release|Any CPU
	EndGlobalSection
	GlobalSection(SolutionProperties) = preSolution
		HideSolutionNode = FALSE
	EndGlobalSection
	GlobalSection(ExtensibilityGlobals) = postSolution
		SolutionGuid = {F7BA2350-AE92-4FB1-A2A0-124B8B424B21}
	EndGlobalSection
EndGlobal
